
Microsoft Visual Studio Solution File, Format Version 12.00
# Visual Studio Version 17
VisualStudioVersion = 17.7.34221.43
MinimumVisualStudioVersion = 10.0.40219.1
Project("{FAE04EC0-301F-11D3-BF4B-00C04F79EFBC}") = "c#project 3", "c#project 3\c#project 3.csproj", "{995C452F-1209-4460-BA31-D22E6379E9AB}"
EndProject
Global
	GlobalSection(SolutionConfigurationPlatforms) = preSolution
		Debug|Any CPU = Debug|Any CPU
		Release|Any CPU = Release|Any CPU
	EndGlobalSection
	GlobalSection(ProjectConfigurationPlatforms) = postSolution
		{995C452F-1209-4460-BA31-D22E6379E9AB}.Debug|Any CPU.ActiveCfg = Debug|Any CPU
		{995C452F-1209-4460-BA31-D22E6379E9AB}.Debug|Any CPU.Build.0 = Debug|Any CPU
		{995C452F-1209-4460-BA31-D22E6379E9AB}.Release|Any CPU.ActiveCfg = Release|Any CPU
		{995C452F-1209-4460-BA31-D22E6379E9AB}.Release|Any CPU.Build.0 = Release|Any CPU
	EndGlobalSection
	GlobalSection(SolutionProperties) = preSolution
		HideSolutionNode = FALSE
	EndGlobalSection
	GlobalSection(ExtensibilityGlobals) = postSolution
		SolutionGuid = {F2EE20D8-2114-460B-A77B-6E11B017CD5C}
	EndGlobalSection
EndGlobal
